
Microsoft Visual Studio Solution File, Format Version 12.00
# Visual Studio Version 17
VisualStudioVersion = 17.7.34031.279
MinimumVisualStudioVersion = 10.0.40219.1
Project("{FAE04EC0-301F-11D3-BF4B-00C04F79EFBC}") = "Northwind.Common.EntityModels.SqlServer", "Northwind.Common.EntityModels.SqlServer\Northwind.Common.EntityModels.SqlServer.csproj", "{D826E8F9-60C5-489D-976E-7F05240FC275}"
EndProject
Global
	GlobalSection(SolutionConfigurationPlatforms) = preSolution
		Debug|Any CPU = Debug|Any CPU
		Release|Any CPU = Release|Any CPU
	EndGlobalSection
	GlobalSection(ProjectConfigurationPlatforms) = postSolution
		{D826E8F9-60C5-489D-976E-7F05240FC275}.Debug|Any CPU.ActiveCfg = Debug|Any CPU
		{D826E8F9-60C5-489D-976E-7F05240FC275}.Debug|Any CPU.Build.0 = Debug|Any CPU
		{D826E8F9-60C5-489D-976E-7F05240FC275}.Release|Any CPU.ActiveCfg = Release|Any CPU
		{D826E8F9-60C5-489D-976E-7F05240FC275}.Release|Any CPU.Build.0 = Release|Any CPU
	EndGlobalSection
	GlobalSection(SolutionProperties) = preSolution
		HideSolutionNode = FALSE
	EndGlobalSection
	GlobalSection(ExtensibilityGlobals) = postSolution
		SolutionGuid = {EA758246-1BB9-47F9-AE0B-15DD8BE223B8}
	EndGlobalSection
EndGlobal
